
Microsoft Visual Studio Solution File, Format Version 12.00
# Visual Studio Version 17
VisualStudioVersion = 17.5.33502.453
MinimumVisualStudioVersion = 10.0.40219.1
Project("{FAE04EC0-301F-11D3-BF4B-00C04F79EFBC}") = "MazeLibrary", "MazeLibrary\MazeLibrary.csproj", "{04ADDFD9-87FC-4B52-9534-3A13FEE8C007}"
EndProject
Project("{FAE04EC0-301F-11D3-BF4B-00C04F79EFBC}") = "MazeConsole", "MazeConsole\MazeConsole.csproj", "{0C4F2538-569B-4527-96AC-78553A78A0E5}"
EndProject
Global
	GlobalSection(SolutionConfigurationPlatforms) = preSolution
		Debug|Any CPU = Debug|Any CPU
		Release|Any CPU = Release|Any CPU
	EndGlobalSection
	GlobalSection(ProjectConfigurationPlatforms) = postSolution
		{04ADDFD9-87FC-4B52-9534-3A13FEE8C007}.Debug|Any CPU.ActiveCfg = Debug|Any CPU
		{04ADDFD9-87FC-4B52-9534-3A13FEE8C007}.Debug|Any CPU.Build.0 = Debug|Any CPU
		{04ADDFD9-87FC-4B52-9534-3A13FEE8C007}.Release|Any CPU.ActiveCfg = Release|Any CPU
		{04ADDFD9-87FC-4B52-9534-3A13FEE8C007}.Release|Any CPU.Build.0 = Release|Any CPU
		{0C4F2538-569B-4527-96AC-78553A78A0E5}.Debug|Any CPU.ActiveCfg = Debug|Any CPU
		{0C4F2538-569B-4527-96AC-78553A78A0E5}.Debug|Any CPU.Build.0 = Debug|Any CPU
		{0C4F2538-569B-4527-96AC-78553A78A0E5}.Release|Any CPU.ActiveCfg = Release|Any CPU
		{0C4F2538-569B-4527-96AC-78553A78A0E5}.Release|Any CPU.Build.0 = Release|Any CPU
	EndGlobalSection
	GlobalSection(SolutionProperties) = preSolution
		HideSolutionNode = FALSE
	EndGlobalSection
	GlobalSection(ExtensibilityGlobals) = postSolution
		SolutionGuid = {4E988F93-A5D1-4BB9-86F0-6AC8E89A6149}
	EndGlobalSection
EndGlobal
