
Microsoft Visual Studio Solution File, Format Version 12.00
# Visual Studio Version 17
VisualStudioVersion = 17.3.32825.248
MinimumVisualStudioVersion = 10.0.40219.1
Project("{FAE04EC0-301F-11D3-BF4B-00C04F79EFBC}") = "CharactersAndStrings", "CharactersAndStrings\CharactersAndStrings.csproj", "{6A9FDA43-C28E-42D8-8232-AEB8F378A14A}"
EndProject
Global
	GlobalSection(SolutionConfigurationPlatforms) = preSolution
		Debug|Any CPU = Debug|Any CPU
		Release|Any CPU = Release|Any CPU
	EndGlobalSection
	GlobalSection(ProjectConfigurationPlatforms) = postSolution
		{6A9FDA43-C28E-42D8-8232-AEB8F378A14A}.Debug|Any CPU.ActiveCfg = Debug|Any CPU
		{6A9FDA43-C28E-42D8-8232-AEB8F378A14A}.Debug|Any CPU.Build.0 = Debug|Any CPU
		{6A9FDA43-C28E-42D8-8232-AEB8F378A14A}.Release|Any CPU.ActiveCfg = Release|Any CPU
		{6A9FDA43-C28E-42D8-8232-AEB8F378A14A}.Release|Any CPU.Build.0 = Release|Any CPU
	EndGlobalSection
	GlobalSection(SolutionProperties) = preSolution
		HideSolutionNode = FALSE
	EndGlobalSection
	GlobalSection(ExtensibilityGlobals) = postSolution
		SolutionGuid = {1E363B6C-B553-4F2B-B06E-F4324C9982DE}
	EndGlobalSection
EndGlobal
